// !$*UTF8*$!
{
	archiveVersion = 1;
	classes = {
	};
	objectVersion = 56;
	objects = {

/* Begin PBXBuildFile section */
		D675AC3E2B67C94600695328 /* HealthKitDemoApp.swift in Sources */ = {isa = PBXBuildFile; fileRef = D675AC3D2B67C94600695328 /* HealthKitDemoApp.swift */; };
		D675AC402B67C94600695328 /* ContentView.swift in Sources */ = {isa = PBXBuildFile; fileRef = D675AC3F2B67C94600695328 /* ContentView.swift */; };
		D675AC422B67C94800695328 /* Assets.xcassets in Resources */ = {isa = PBXBuildFile; fileRef = D675AC412B67C94800695328 /* Assets.xcassets */; };
		D675AC452B67C94800695328 /* Preview Assets.xcassets in Resources */ = {isa = PBXBuildFile; fileRef = D675AC442B67C94800695328 /* Preview Assets.xcassets */; };
		D675AC4F2B67C94800695328 /* HealthKitDemoTests.swift in Sources */ = {isa = PBXBuildFile; fileRef = D675AC4E2B67C94800695328 /* HealthKitDemoTests.swift */; };
		D675AC592B67C94800695328 /* HealthKitDemoUITests.swift in Sources */ = {isa = PBXBuildFile; fileRef = D675AC582B67C94800695328 /* HealthKitDemoUITests.swift */; };
		D675AC5B2B67C94800695328 /* HealthKitDemoUITestsLaunchTests.swift in Sources */ = {isa = PBXBuildFile; fileRef = D675AC5A2B67C94800695328 /* HealthKitDemoUITestsLaunchTests.swift */; };
		D675AC6A2B67C96800695328 /* HealthKitUI.framework in Frameworks */ = {isa = PBXBuildFile; fileRef = D675AC682B67C96800695328 /* HealthKitUI.framework */; };
		D675AC6B2B67C96800695328 /* HealthKit.framework in Frameworks */ = {isa = PBXBuildFile; fileRef = D675AC692B67C96800695328 /* HealthKit.framework */; };
		D675AC6F2B67EA3800695328 /* HealthKitHelper.swift in Sources */ = {isa = PBXBuildFile; fileRef = D675AC6E2B67EA3800695328 /* HealthKitHelper.swift */; };
		D675AC712B67EF5400695328 /* HealthKitAuthentication.swift in Sources */ = {isa = PBXBuildFile; fileRef = D675AC702B67EF5400695328 /* HealthKitAuthentication.swift */; };
/* End PBXBuildFile section */

/* Begin PBXContainerItemProxy section */
		D675AC4B2B67C94800695328 /* PBXContainerItemProxy */ = {
			isa = PBXContainerItemProxy;
			containerPortal = D675AC322B67C94600695328 /* Project object */;
			proxyType = 1;
			remoteGlobalIDString = D675AC392B67C94600695328;
			remoteInfo = HealthKitDemo;
		};
		D675AC552B67C94800695328 /* PBXContainerItemProxy */ = {
			isa = PBXContainerItemProxy;
			containerPortal = D675AC322B67C94600695328 /* Project object */;
			proxyType = 1;
			remoteGlobalIDString = D675AC392B67C94600695328;
			remoteInfo = HealthKitDemo;
		};
/* End PBXContainerItemProxy section */

/* Begin PBXFileReference section */
		D675AC3A2B67C94600695328 /* HealthKitDemo.app */ = {isa = PBXFileReference; explicitFileType = wrapper.application; includeInIndex = 0; path = HealthKitDemo.app; sourceTree = BUILT_PRODUCTS_DIR; };
		D675AC3D2B67C94600695328 /* HealthKitDemoApp.swift */ = {isa = PBXFileReference; lastKnownFileType = sourcecode.swift; path = HealthKitDemoApp.swift; sourceTree = "<group>"; };
		D675AC3F2B67C94600695328 /* ContentView.swift */ = {isa = PBXFileReference; lastKnownFileType = sourcecode.swift; path = ContentView.swift; sourceTree = "<group>"; };
		D675AC412B67C94800695328 /* Assets.xcassets */ = {isa = PBXFileReference; lastKnownFileType = folder.assetcatalog; path = Assets.xcassets; sourceTree = "<group>"; };
		D675AC442B67C94800695328 /* Preview Assets.xcassets */ = {isa = PBXFileReference; lastKnownFileType = folder.assetcatalog; path = "Preview Assets.xcassets"; sourceTree = "<group>"; };
		D675AC4A2B67C94800695328 /* HealthKitDemoTests.xctest */ = {isa = PBXFileReference; explicitFileType = wrapper.cfbundle; includeInIndex = 0; path = HealthKitDemoTests.xctest; sourceTree = BUILT_PRODUCTS_DIR; };
		D675AC4E2B67C94800695328 /* HealthKitDemoTests.swift */ = {isa = PBXFileReference; lastKnownFileType = sourcecode.swift; path = HealthKitDemoTests.swift; sourceTree = "<group>"; };
		D675AC542B67C94800695328 /* HealthKitDemoUITests.xctest */ = {isa = PBXFileReference; explicitFileType = wrapper.cfbundle; includeInIndex = 0; path = HealthKitDemoUITests.xctest; sourceTree = BUILT_PRODUCTS_DIR; };
		D675AC582B67C94800695328 /* HealthKitDemoUITests.swift */ = {isa = PBXFileReference; lastKnownFileType = sourcecode.swift; path = HealthKitDemoUITests.swift; sourceTree = "<group>"; };
		D675AC5A2B67C94800695328 /* HealthKitDemoUITestsLaunchTests.swift */ = {isa = PBXFileReference; lastKnownFileType = sourcecode.swift; path = HealthKitDemoUITestsLaunchTests.swift; sourceTree = "<group>"; };
		D675AC682B67C96800695328 /* HealthKitUI.framework */ = {isa = PBXFileReference; lastKnownFileType = wrapper.framework; name = HealthKitUI.framework; path = System/Library/Frameworks/HealthKitUI.framework; sourceTree = SDKROOT; };
		D675AC692B67C96800695328 /* HealthKit.framework */ = {isa = PBXFileReference; lastKnownFileType = wrapper.framework; name = HealthKit.framework; path = System/Library/Frameworks/HealthKit.framework; sourceTree = SDKROOT; };
		D675AC6C2B67CB5D00695328 /* HealthKitDemo.entitlements */ = {isa = PBXFileReference; lastKnownFileType = text.plist.entitlements; path = HealthKitDemo.entitlements; sourceTree = "<group>"; };
		D675AC6D2B67E12E00695328 /* Info.plist */ = {isa = PBXFileReference; lastKnownFileType = text.plist; path = Info.plist; sourceTree = "<group>"; };
		D675AC6E2B67EA3800695328 /* HealthKitHelper.swift */ = {isa = PBXFileReference; lastKnownFileType = sourcecode.swift; path = HealthKitHelper.swift; sourceTree = "<group>"; };
		D675AC702B67EF5400695328 /* HealthKitAuthentication.swift */ = {isa = PBXFileReference; lastKnownFileType = sourcecode.swift; path = HealthKitAuthentication.swift; sourceTree = "<group>"; };
/* End PBXFileReference section */

/* Begin PBXFrameworksBuildPhase section */
		D675AC372B67C94600695328 /* Frameworks */ = {
			isa = PBXFrameworksBuildPhase;
			buildActionMask = 2147483647;
			files = (
				D675AC6A2B67C96800695328 /* HealthKitUI.framework in Frameworks */,
				D675AC6B2B67C96800695328 /* HealthKit.framework in Frameworks */,
			);
			runOnlyForDeploymentPostprocessing = 0;
		};
		D675AC472B67C94800695328 /* Frameworks */ = {
			isa = PBXFrameworksBuildPhase;
			buildActionMask = 2147483647;
			files = (
			);
			runOnlyForDeploymentPostprocessing = 0;
		};
		D675AC512B67C94800695328 /* Frameworks */ = {
			isa = PBXFrameworksBuildPhase;
			buildActionMask = 2147483647;
			files = (
			);
			runOnlyForDeploymentPostprocessing = 0;
		};
/* End PBXFrameworksBuildPhase section */

/* Begin PBXGroup section */
		D675AC312B67C94600695328 = {
			isa = PBXGroup;
			children = (
				D675AC3C2B67C94600695328 /* HealthKitDemo */,
				D675AC4D2B67C94800695328 /* HealthKitDemoTests */,
				D675AC572B67C94800695328 /* HealthKitDemoUITests */,
				D675AC3B2B67C94600695328 /* Products */,
				D675AC672B67C96700695328 /* Frameworks */,
			);
			sourceTree = "<group>";
		};
		D675AC3B2B67C94600695328 /* Products */ = {
			isa = PBXGroup;
			children = (
				D675AC3A2B67C94600695328 /* HealthKitDemo.app */,
				D675AC4A2B67C94800695328 /* HealthKitDemoTests.xctest */,
				D675AC542B67C94800695328 /* HealthKitDemoUITests.xctest */,
			);
			name = Products;
			sourceTree = "<group>";
		};
		D675AC3C2B67C94600695328 /* HealthKitDemo */ = {
			isa = PBXGroup;
			children = (
				D675AC732B67F02F00695328 /* View */,
				D675AC722B67F02100695328 /* Helper */,
				D675AC6D2B67E12E00695328 /* Info.plist */,
				D675AC6C2B67CB5D00695328 /* HealthKitDemo.entitlements */,
				D675AC3D2B67C94600695328 /* HealthKitDemoApp.swift */,
				D675AC412B67C94800695328 /* Assets.xcassets */,
				D675AC432B67C94800695328 /* Preview Content */,
			);
			path = HealthKitDemo;
			sourceTree = "<group>";
		};
		D675AC432B67C94800695328 /* Preview Content */ = {
			isa = PBXGroup;
			children = (
				D675AC442B67C94800695328 /* Preview Assets.xcassets */,
			);
			path = "Preview Content";
			sourceTree = "<group>";
		};
		D675AC4D2B67C94800695328 /* HealthKitDemoTests */ = {
			isa = PBXGroup;
			children = (
				D675AC4E2B67C94800695328 /* HealthKitDemoTests.swift */,
			);
			path = HealthKitDemoTests;
			sourceTree = "<group>";
		};
		D675AC572B67C94800695328 /* HealthKitDemoUITests */ = {
			isa = PBXGroup;
			children = (
				D675AC582B67C94800695328 /* HealthKitDemoUITests.swift */,
				D675AC5A2B67C94800695328 /* HealthKitDemoUITestsLaunchTests.swift */,
			);
			path = HealthKitDemoUITests;
			sourceTree = "<group>";
		};
		D675AC672B67C96700695328 /* Frameworks */ = {
			isa = PBXGroup;
			children = (
				D675AC692B67C96800695328 /* HealthKit.framework */,
				D675AC682B67C96800695328 /* HealthKitUI.framework */,
			);
			name = Frameworks;
			sourceTree = "<group>";
		};
		D675AC722B67F02100695328 /* Helper */ = {
			isa = PBXGroup;
			children = (
				D675AC702B67EF5400695328 /* HealthKitAuthentication.swift */,
				D675AC6E2B67EA3800695328 /* HealthKitHelper.swift */,
			);
			path = Helper;
			sourceTree = "<group>";
		};
		D675AC732B67F02F00695328 /* View */ = {
			isa = PBXGroup;
			children = (
				D675AC3F2B67C94600695328 /* ContentView.swift */,
			);
			path = View;
			sourceTree = "<group>";
		};
/* End PBXGroup section */

/* Begin PBXNativeTarget section */
		D675AC392B67C94600695328 /* HealthKitDemo */ = {
			isa = PBXNativeTarget;
			buildConfigurationList = D675AC5E2B67C94800695328 /* Build configuration list for PBXNativeTarget "HealthKitDemo" */;
			buildPhases = (
				D675AC362B67C94600695328 /* Sources */,
				D675AC372B67C94600695328 /* Frameworks */,
				D675AC382B67C94600695328 /* Resources */,
			);
			buildRules = (
			);
			dependencies = (
			);
			name = HealthKitDemo;
			productName = HealthKitDemo;
			productReference = D675AC3A2B67C94600695328 /* HealthKitDemo.app */;
			productType = "com.apple.product-type.application";
		};
		D675AC492B67C94800695328 /* HealthKitDemoTests */ = {
			isa = PBXNativeTarget;
			buildConfigurationList = D675AC612B67C94800695328 /* Build configuration list for PBXNativeTarget "HealthKitDemoTests" */;
			buildPhases = (
				D675AC462B67C94800695328 /* Sources */,
				D675AC472B67C94800695328 /* Frameworks */,
				D675AC482B67C94800695328 /* Resources */,
			);
			buildRules = (
			);
			dependencies = (
				D675AC4C2B67C94800695328 /* PBXTargetDependency */,
			);
			name = HealthKitDemoTests;
			productName = HealthKitDemoTests;
			productReference = D675AC4A2B67C94800695328 /* HealthKitDemoTests.xctest */;
			productType = "com.apple.product-type.bundle.unit-test";
		};
		D675AC532B67C94800695328 /* HealthKitDemoUITests */ = {
			isa = PBXNativeTarget;
			buildConfigurationList = D675AC642B67C94800695328 /* Build configuration list for PBXNativeTarget "HealthKitDemoUITests" */;
			buildPhases = (
				D675AC502B67C94800695328 /* Sources */,
				D675AC512B67C94800695328 /* Frameworks */,
				D675AC522B67C94800695328 /* Resources */,
			);
			buildRules = (
			);
			dependencies = (
				D675AC562B67C94800695328 /* PBXTargetDependency */,
			);
			name = HealthKitDemoUITests;
			productName = HealthKitDemoUITests;
			productReference = D675AC542B67C94800695328 /* HealthKitDemoUITests.xctest */;
			productType = "com.apple.product-type.bundle.ui-testing";
		};
/* End PBXNativeTarget section */

/* Begin PBXProject section */
		D675AC322B67C94600695328 /* Project object */ = {
			isa = PBXProject;
			attributes = {
				BuildIndependentTargetsInParallel = 1;
				LastSwiftUpdateCheck = 1520;
				LastUpgradeCheck = 1520;
				TargetAttributes = {
					D675AC392B67C94600695328 = {
						CreatedOnToolsVersion = 15.2;
					};
					D675AC492B67C94800695328 = {
						CreatedOnToolsVersion = 15.2;
						TestTargetID = D675AC392B67C94600695328;
					};
					D675AC532B67C94800695328 = {
						CreatedOnToolsVersion = 15.2;
						TestTargetID = D675AC392B67C94600695328;
					};
				};
			};
			buildConfigurationList = D675AC352B67C94600695328 /* Build configuration list for PBXProject "HealthKitDemo" */;
			compatibilityVersion = "Xcode 14.0";
			developmentRegion = en;
			hasScannedForEncodings = 0;
			knownRegions = (
				en,
				Base,
			);
			mainGroup = D675AC312B67C94600695328;
			productRefGroup = D675AC3B2B67C94600695328 /* Products */;
			projectDirPath = "";
			projectRoot = "";
			targets = (
				D675AC392B67C94600695328 /* HealthKitDemo */,
				D675AC492B67C94800695328 /* HealthKitDemoTests */,
				D675AC532B67C94800695328 /* HealthKitDemoUITests */,
			);
		};
/* End PBXProject section */

/* Begin PBXResourcesBuildPhase section */
		D675AC382B67C94600695328 /* Resources */ = {
			isa = PBXResourcesBuildPhase;
			buildActionMask = 2147483647;
			files = (
				D675AC452B67C94800695328 /* Preview Assets.xcassets in Resources */,
				D675AC422B67C94800695328 /* Assets.xcassets in Resources */,
			);
			runOnlyForDeploymentPostprocessing = 0;
		};
		D675AC482B67C94800695328 /* Resources */ = {
			isa = PBXResourcesBuildPhase;
			buildActionMask = 2147483647;
			files = (
			);
			runOnlyForDeploymentPostprocessing = 0;
		};
		D675AC522B67C94800695328 /* Resources */ = {
			isa = PBXResourcesBuildPhase;
			buildActionMask = 2147483647;
			files = (
			);
			runOnlyForDeploymentPostprocessing = 0;
		};
/* End PBXResourcesBuildPhase section */

/* Begin PBXSourcesBuildPhase section */
		D675AC362B67C94600695328 /* Sources */ = {
			isa = PBXSourcesBuildPhase;
			buildActionMask = 2147483647;
			files = (
				D675AC402B67C94600695328 /* ContentView.swift in Sources */,
				D675AC6F2B67EA3800695328 /* HealthKitHelper.swift in Sources */,
				D675AC712B67EF5400695328 /* HealthKitAuthentication.swift in Sources */,
				D675AC3E2B67C94600695328 /* HealthKitDemoApp.swift in Sources */,
			);
			runOnlyForDeploymentPostprocessing = 0;
		};
		D675AC462B67C94800695328 /* Sources */ = {
			isa = PBXSourcesBuildPhase;
			buildActionMask = 2147483647;
			files = (
				D675AC4F2B67C94800695328 /* HealthKitDemoTests.swift in Sources */,
			);
			runOnlyForDeploymentPostprocessing = 0;
		};
		D675AC502B67C94800695328 /* Sources */ = {
			isa = PBXSourcesBuildPhase;
			buildActionMask = 2147483647;
			files = (
				D675AC5B2B67C94800695328 /* HealthKitDemoUITestsLaunchTests.swift in Sources */,
				D675AC592B67C94800695328 /* HealthKitDemoUITests.swift in Sources */,
			);
			runOnlyForDeploymentPostprocessing = 0;
		};
/* End PBXSourcesBuildPhase section */

/* Begin PBXTargetDependency section */
		D675AC4C2B67C94800695328 /* PBXTargetDependency */ = {
			isa = PBXTargetDependency;
			target = D675AC392B67C94600695328 /* HealthKitDemo */;
			targetProxy = D675AC4B2B67C94800695328 /* PBXContainerItemProxy */;
		};
		D675AC562B67C94800695328 /* PBXTargetDependency */ = {
			isa = PBXTargetDependency;
			target = D675AC392B67C94600695328 /* HealthKitDemo */;
			targetProxy = D675AC552B67C94800695328 /* PBXContainerItemProxy */;
		};
/* End PBXTargetDependency section */

/* Begin XCBuildConfiguration section */
		D675AC5C2B67C94800695328 /* Debug */ = {
			isa = XCBuildConfiguration;
			buildSettings = {
				ALWAYS_SEARCH_USER_PATHS = NO;
				ASSETCATALOG_COMPILER_GENERATE_SWIFT_ASSET_SYMBOL_EXTENSIONS = YES;
				CLANG_ANALYZER_NONNULL = YES;
				CLANG_ANALYZER_NUMBER_OBJECT_CONVERSION = YES_AGGRESSIVE;
				CLANG_CXX_LANGUAGE_STANDARD = "gnu++20";
				CLANG_ENABLE_MODULES = YES;
				CLANG_ENABLE_OBJC_ARC = YES;
				CLANG_ENABLE_OBJC_WEAK = YES;
				CLANG_WARN_BLOCK_CAPTURE_AUTORELEASING = YES;
				CLANG_WARN_BOOL_CONVERSION = YES;
				CLANG_WARN_COMMA = YES;
				CLANG_WARN_CONSTANT_CONVERSION = YES;
				CLANG_WARN_DEPRECATED_OBJC_IMPLEMENTATIONS = YES;
				CLANG_WARN_DIRECT_OBJC_ISA_USAGE = YES_ERROR;
				CLANG_WARN_DOCUMENTATION_COMMENTS = YES;
				CLANG_WARN_EMPTY_BODY = YES;
				CLANG_WARN_ENUM_CONVERSION = YES;
				CLANG_WARN_INFINITE_RECURSION = YES;
				CLANG_WARN_INT_CONVERSION = YES;
				CLANG_WARN_NON_LITERAL_NULL_CONVERSION = YES;
				CLANG_WARN_OBJC_IMPLICIT_RETAIN_SELF = YES;
				CLANG_WARN_OBJC_LITERAL_CONVERSION = YES;
				CLANG_WARN_OBJC_ROOT_CLASS = YES_ERROR;
				CLANG_WARN_QUOTED_INCLUDE_IN_FRAMEWORK_HEADER = YES;
				CLANG_WARN_RANGE_LOOP_ANALYSIS = YES;
				CLANG_WARN_STRICT_PROTOTYPES = YES;
				CLANG_WARN_SUSPICIOUS_MOVE = YES;
				CLANG_WARN_UNGUARDED_AVAILABILITY = YES_AGGRESSIVE;
				CLANG_WARN_UNREACHABLE_CODE = YES;
				CLANG_WARN__DUPLICATE_METHOD_MATCH = YES;
				COPY_PHASE_STRIP = NO;
				DEBUG_INFORMATION_FORMAT = dwarf;
				ENABLE_STRICT_OBJC_MSGSEND = YES;
				ENABLE_TESTABILITY = YES;
				ENABLE_USER_SCRIPT_SANDBOXING = YES;
				GCC_C_LANGUAGE_STANDARD = gnu17;
				GCC_DYNAMIC_NO_PIC = NO;
				GCC_NO_COMMON_BLOCKS = YES;
				GCC_OPTIMIZATION_LEVEL = 0;
				GCC_PREPROCESSOR_DEFINITIONS = (
					"DEBUG=1",
					"$(inherited)",
				);
				GCC_WARN_64_TO_32_BIT_CONVERSION = YES;
				GCC_WARN_ABOUT_RETURN_TYPE = YES_ERROR;
				GCC_WARN_UNDECLARED_SELECTOR = YES;
				GCC_WARN_UNINITIALIZED_AUTOS = YES_AGGRESSIVE;
				GCC_WARN_UNUSED_FUNCTION = YES;
				GCC_WARN_UNUSED_VARIABLE = YES;
				IPHONEOS_DEPLOYMENT_TARGET = 17.2;
				LOCALIZATION_PREFERS_STRING_CATALOGS = YES;
				MTL_ENABLE_DEBUG_INFO = INCLUDE_SOURCE;
				MTL_FAST_MATH = YES;
				ONLY_ACTIVE_ARCH = YES;
				SDKROOT = iphoneos;
				SWIFT_ACTIVE_COMPILATION_CONDITIONS = "DEBUG $(inherited)";
				SWIFT_OPTIMIZATION_LEVEL = "-Onone";
			};
			name = Debug;
		};
		D675AC5D2B67C94800695328 /* Release */ = {
			isa = XCBuildConfiguration;
			buildSettings = {
				ALWAYS_SEARCH_USER_PATHS = NO;
				ASSETCATALOG_COMPILER_GENERATE_SWIFT_ASSET_SYMBOL_EXTENSIONS = YES;
				CLANG_ANALYZER_NONNULL = YES;
				CLANG_ANALYZER_NUMBER_OBJECT_CONVERSION = YES_AGGRESSIVE;
				CLANG_CXX_LANGUAGE_STANDARD = "gnu++20";
				CLANG_ENABLE_MODULES = YES;
				CLANG_ENABLE_OBJC_ARC = YES;
				CLANG_ENABLE_OBJC_WEAK = YES;
				CLANG_WARN_BLOCK_CAPTURE_AUTORELEASING = YES;
				CLANG_WARN_BOOL_CONVERSION = YES;
				CLANG_WARN_COMMA = YES;
				CLANG_WARN_CONSTANT_CONVERSION = YES;
				CLANG_WARN_DEPRECATED_OBJC_IMPLEMENTATIONS = YES;
				CLANG_WARN_DIRECT_OBJC_ISA_USAGE = YES_ERROR;
				CLANG_WARN_DOCUMENTATION_COMMENTS = YES;
				CLANG_WARN_EMPTY_BODY = YES;
				CLANG_WARN_ENUM_CONVERSION = YES;
				CLANG_WARN_INFINITE_RECURSION = YES;
				CLANG_WARN_INT_CONVERSION = YES;
				CLANG_WARN_NON_LITERAL_NULL_CONVERSION = YES;
				CLANG_WARN_OBJC_IMPLICIT_RETAIN_SELF = YES;
				CLANG_WARN_OBJC_LITERAL_CONVERSION = YES;
				CLANG_WARN_OBJC_ROOT_CLASS = YES_ERROR;
				CLANG_WARN_QUOTED_INCLUDE_IN_FRAMEWORK_HEADER = YES;
				CLANG_WARN_RANGE_LOOP_ANALYSIS = YES;
				CLANG_WARN_STRICT_PROTOTYPES = YES;
				CLANG_WARN_SUSPICIOUS_MOVE = YES;
				CLANG_WARN_UNGUARDED_AVAILABILITY = YES_AGGRESSIVE;
				CLANG_WARN_UNREACHABLE_CODE = YES;
				CLANG_WARN__DUPLICATE_METHOD_MATCH = YES;
				COPY_PHASE_STRIP = NO;
				DEBUG_INFORMATION_FORMAT = "dwarf-with-dsym";
				ENABLE_NS_ASSERTIONS = NO;
				ENABLE_STRICT_OBJC_MSGSEND = YES;
				ENABLE_USER_SCRIPT_SANDBOXING = YES;
				GCC_C_LANGUAGE_STANDARD = gnu17;
				GCC_NO_COMMON_BLOCKS = YES;
				GCC_WARN_64_TO_32_BIT_CONVERSION = YES;
				GCC_WARN_ABOUT_RETURN_TYPE = YES_ERROR;
				GCC_WARN_UNDECLARED_SELECTOR = YES;
				GCC_WARN_UNINITIALIZED_AUTOS = YES_AGGRESSIVE;
				GCC_WARN_UNUSED_FUNCTION = YES;
				GCC_WARN_UNUSED_VARIABLE = YES;
				IPHONEOS_DEPLOYMENT_TARGET = 17.2;
				LOCALIZATION_PREFERS_STRING_CATALOGS = YES;
				MTL_ENABLE_DEBUG_INFO = NO;
				MTL_FAST_MATH = YES;
				SDKROOT = iphoneos;
				SWIFT_COMPILATION_MODE = wholemodule;
				VALIDATE_PRODUCT = YES;
			};
			name = Release;
		};
		D675AC5F2B67C94800695328 /* Debug */ = {
			isa = XCBuildConfiguration;
			buildSettings = {
				ASSETCATALOG_COMPILER_APPICON_NAME = AppIcon;
				ASSETCATALOG_COMPILER_GLOBAL_ACCENT_COLOR_NAME = AccentColor;
				CODE_SIGN_ENTITLEMENTS = HealthKitDemo/HealthKitDemo.entitlements;
				CODE_SIGN_STYLE = Automatic;
				CURRENT_PROJECT_VERSION = 1;
				DEVELOPMENT_ASSET_PATHS = "\"HealthKitDemo/Preview Content\"";
				DEVELOPMENT_TEAM = K6LJCT8RAA;
				ENABLE_PREVIEWS = YES;
				GENERATE_INFOPLIST_FILE = YES;
				INFOPLIST_FILE = HealthKitDemo/Info.plist;
				INFOPLIST_KEY_NSHealthClinicalHealthRecordsShareUsageDescription = "Your Health Record usage";
				INFOPLIST_KEY_NSHealthShareUsageDescription = "Health Data share";
				INFOPLIST_KEY_NSHealthUpdateUsageDescription = "Health Data usage";
				INFOPLIST_KEY_UIApplicationSceneManifest_Generation = YES;
				INFOPLIST_KEY_UIApplicationSupportsIndirectInputEvents = YES;
				INFOPLIST_KEY_UILaunchScreen_Generation = YES;
				INFOPLIST_KEY_UISupportedInterfaceOrientations_iPad = "UIInterfaceOrientationPortrait UIInterfaceOrientationPortraitUpsideDown UIInterfaceOrientationLandscapeLeft UIInterfaceOrientationLandscapeRight";
				INFOPLIST_KEY_UISupportedInterfaceOrientations_iPhone = "UIInterfaceOrientationPortrait UIInterfaceOrientationLandscapeLeft UIInterfaceOrientationLandscapeRight";
				LD_RUNPATH_SEARCH_PATHS = (
					"$(inherited)",
					"@executable_path/Frameworks",
				);
				MARKETING_VERSION = 1.0;
				PRODUCT_BUNDLE_IDENTIFIER = com.template.HealthKitDemo;
				PRODUCT_NAME = "$(TARGET_NAME)";
				SWIFT_EMIT_LOC_STRINGS = YES;
				SWIFT_VERSION = 5.0;
				TARGETED_DEVICE_FAMILY = "1,2";
			};
			name = Debug;
		};
		D675AC602B67C94800695328 /* Release */ = {
			isa = XCBuildConfiguration;
			buildSettings = {
				ASSETCATALOG_COMPILER_APPICON_NAME = AppIcon;
				ASSETCATALOG_COMPILER_GLOBAL_ACCENT_COLOR_NAME = AccentColor;
				CODE_SIGN_ENTITLEMENTS = HealthKitDemo/HealthKitDemo.entitlements;
				CODE_SIGN_STYLE = Automatic;
				CURRENT_PROJECT_VERSION = 1;
				DEVELOPMENT_ASSET_PATHS = "\"HealthKitDemo/Preview Content\"";
				DEVELOPMENT_TEAM = K6LJCT8RAA;
				ENABLE_PREVIEWS = YES;
				GENERATE_INFOPLIST_FILE = YES;
				INFOPLIST_FILE = HealthKitDemo/Info.plist;
				INFOPLIST_KEY_NSHealthClinicalHealthRecordsShareUsageDescription = "Your Health Record usage";
				INFOPLIST_KEY_NSHealthShareUsageDescription = "Health Data share";
				INFOPLIST_KEY_NSHealthUpdateUsageDescription = "Health Data usage";
				INFOPLIST_KEY_UIApplicationSceneManifest_Generation = YES;
				INFOPLIST_KEY_UIApplicationSupportsIndirectInputEvents = YES;
				INFOPLIST_KEY_UILaunchScreen_Generation = YES;
				INFOPLIST_KEY_UISupportedInterfaceOrientations_iPad = "UIInterfaceOrientationPortrait UIInterfaceOrientationPortraitUpsideDown UIInterfaceOrientationLandscapeLeft UIInterfaceOrientationLandscapeRight";
				INFOPLIST_KEY_UISupportedInterfaceOrientations_iPhone = "UIInterfaceOrientationPortrait UIInterfaceOrientationLandscapeLeft UIInterfaceOrientationLandscapeRight";
				LD_RUNPATH_SEARCH_PATHS = (
					"$(inherited)",
					"@executable_path/Frameworks",
				);
				MARKETING_VERSION = 1.0;
				PRODUCT_BUNDLE_IDENTIFIER = com.template.HealthKitDemo;
				PRODUCT_NAME = "$(TARGET_NAME)";
				SWIFT_EMIT_LOC_STRINGS = YES;
				SWIFT_VERSION = 5.0;
				TARGETED_DEVICE_FAMILY = "1,2";
			};
			name = Release;
		};
		D675AC622B67C94800695328 /* Debug */ = {
			isa = XCBuildConfiguration;
			buildSettings = {
				ALWAYS_EMBED_SWIFT_STANDARD_LIBRARIES = YES;
				BUNDLE_LOADER = "$(TEST_HOST)";
				CODE_SIGN_STYLE = Automatic;
				CURRENT_PROJECT_VERSION = 1;
				DEVELOPMENT_TEAM = K6LJCT8RAA;
				GENERATE_INFOPLIST_FILE = YES;
				IPHONEOS_DEPLOYMENT_TARGET = 17.2;
				MARKETING_VERSION = 1.0;
				PRODUCT_BUNDLE_IDENTIFIER = com.template.HealthKitDemoTests;
				PRODUCT_NAME = "$(TARGET_NAME)";
				SWIFT_EMIT_LOC_STRINGS = NO;
				SWIFT_VERSION = 5.0;
				TARGETED_DEVICE_FAMILY = "1,2";
				TEST_HOST = "$(BUILT_PRODUCTS_DIR)/HealthKitDemo.app/$(BUNDLE_EXECUTABLE_FOLDER_PATH)/HealthKitDemo";
			};
			name = Debug;
		};
		D675AC632B67C94800695328 /* Release */ = {
			isa = XCBuildConfiguration;
			buildSettings = {
				ALWAYS_EMBED_SWIFT_STANDARD_LIBRARIES = YES;
				BUNDLE_LOADER = "$(TEST_HOST)";
				CODE_SIGN_STYLE = Automatic;
				CURRENT_PROJECT_VERSION = 1;
				DEVELOPMENT_TEAM = K6LJCT8RAA;
				GENERATE_INFOPLIST_FILE = YES;
				IPHONEOS_DEPLOYMENT_TARGET = 17.2;
				MARKETING_VERSION = 1.0;
				PRODUCT_BUNDLE_IDENTIFIER = com.template.HealthKitDemoTests;
				PRODUCT_NAME = "$(TARGET_NAME)";
				SWIFT_EMIT_LOC_STRINGS = NO;
				SWIFT_VERSION = 5.0;
				TARGETED_DEVICE_FAMILY = "1,2";
				TEST_HOST = "$(BUILT_PRODUCTS_DIR)/HealthKitDemo.app/$(BUNDLE_EXECUTABLE_FOLDER_PATH)/HealthKitDemo";
			};
			name = Release;
		};
		D675AC652B67C94800695328 /* Debug */ = {
			isa = XCBuildConfiguration;
			buildSettings = {
				ALWAYS_EMBED_SWIFT_STANDARD_LIBRARIES = YES;
				CODE_SIGN_STYLE = Automatic;
				CURRENT_PROJECT_VERSION = 1;
				DEVELOPMENT_TEAM = K6LJCT8RAA;
				GENERATE_INFOPLIST_FILE = YES;
				MARKETING_VERSION = 1.0;
				PRODUCT_BUNDLE_IDENTIFIER = com.template.HealthKitDemoUITests;
				PRODUCT_NAME = "$(TARGET_NAME)";
				SWIFT_EMIT_LOC_STRINGS = NO;
				SWIFT_VERSION = 5.0;
				TARGETED_DEVICE_FAMILY = "1,2";
				TEST_TARGET_NAME = HealthKitDemo;
			};
			name = Debug;
		};
		D675AC662B67C94800695328 /* Release */ = {
			isa = XCBuildConfiguration;
			buildSettings = {
				ALWAYS_EMBED_SWIFT_STANDARD_LIBRARIES = YES;
				CODE_SIGN_STYLE = Automatic;
				CURRENT_PROJECT_VERSION = 1;
				DEVELOPMENT_TEAM = K6LJCT8RAA;
				GENERATE_INFOPLIST_FILE = YES;
				MARKETING_VERSION = 1.0;
				PRODUCT_BUNDLE_IDENTIFIER = com.template.HealthKitDemoUITests;
				PRODUCT_NAME = "$(TARGET_NAME)";
				SWIFT_EMIT_LOC_STRINGS = NO;
				SWIFT_VERSION = 5.0;
				TARGETED_DEVICE_FAMILY = "1,2";
				TEST_TARGET_NAME = HealthKitDemo;
			};
			name = Release;
		};
/* End XCBuildConfiguration section */

/* Begin XCConfigurationList section */
		D675AC352B67C94600695328 /* Build configuration list for PBXProject "HealthKitDemo" */ = {
			isa = XCConfigurationList;
			buildConfigurations = (
				D675AC5C2B67C94800695328 /* Debug */,
				D675AC5D2B67C94800695328 /* Release */,
			);
			defaultConfigurationIsVisible = 0;
			defaultConfigurationName = Release;
		};
		D675AC5E2B67C94800695328 /* Build configuration list for PBXNativeTarget "HealthKitDemo" */ = {
			isa = XCConfigurationList;
			buildConfigurations = (
				D675AC5F2B67C94800695328 /* Debug */,
				D675AC602B67C94800695328 /* Release */,
			);
			defaultConfigurationIsVisible = 0;
			defaultConfigurationName = Release;
		};
		D675AC612B67C94800695328 /* Build configuration list for PBXNativeTarget "HealthKitDemoTests" */ = {
			isa = XCConfigurationList;
			buildConfigurations = (
				D675AC622B67C94800695328 /* Debug */,
				D675AC632B67C94800695328 /* Release */,
			);
			defaultConfigurationIsVisible = 0;
			defaultConfigurationName = Release;
		};
		D675AC642B67C94800695328 /* Build configuration list for PBXNativeTarget "HealthKitDemoUITests" */ = {
			isa = XCConfigurationList;
			buildConfigurations = (
				D675AC652B67C94800695328 /* Debug */,
				D675AC662B67C94800695328 /* Release */,
			);
			defaultConfigurationIsVisible = 0;
			defaultConfigurationName = Release;
		};
/* End XCConfigurationList section */
	};
	rootObject = D675AC322B67C94600695328 /* Project object */;
}
